
Microsoft Visual Studio Solution File, Format Version 12.00
# Visual Studio Version 16
VisualStudioVersion = 16.0.31112.23
MinimumVisualStudioVersion = 10.0.40219.1
Project("{FAE04EC0-301F-11D3-BF4B-00C04F79EFBC}") = "Lab2NumberAnalyzer Decision Maker", "Lab2NumberAnalyzer Decision Maker\Lab2NumberAnalyzer Decision Maker.csproj", "{8ACBFA33-55F1-4C5E-B7CD-4CD9F0EBF819}"
EndProject
Global
	GlobalSection(SolutionConfigurationPlatforms) = preSolution
		Debug|Any CPU = Debug|Any CPU
		Release|Any CPU = Release|Any CPU
	EndGlobalSection
	GlobalSection(ProjectConfigurationPlatforms) = postSolution
		{8ACBFA33-55F1-4C5E-B7CD-4CD9F0EBF819}.Debug|Any CPU.ActiveCfg = Debug|Any CPU
		{8ACBFA33-55F1-4C5E-B7CD-4CD9F0EBF819}.Debug|Any CPU.Build.0 = Debug|Any CPU
		{8ACBFA33-55F1-4C5E-B7CD-4CD9F0EBF819}.Release|Any CPU.ActiveCfg = Release|Any CPU
		{8ACBFA33-55F1-4C5E-B7CD-4CD9F0EBF819}.Release|Any CPU.Build.0 = Release|Any CPU
	EndGlobalSection
	GlobalSection(SolutionProperties) = preSolution
		HideSolutionNode = FALSE
	EndGlobalSection
	GlobalSection(ExtensibilityGlobals) = postSolution
		SolutionGuid = {196ECA5B-1EFE-4368-91DF-55C622ED7F33}
	EndGlobalSection
EndGlobal
